
Microsoft Visual Studio Solution File, Format Version 12.00
# Visual Studio Version 16
VisualStudioVersion = 16.0.29905.134
MinimumVisualStudioVersion = 10.0.40219.1
Project("{FAE04EC0-301F-11D3-BF4B-00C04F79EFBC}") = "PetClinicBusinessLogic", "PetClinicBusinessLogic\PetClinicBusinessLogic.csproj", "{9225F33E-2E31-4500-9C31-F0B0E9C2171B}"
EndProject
Global
	GlobalSection(SolutionConfigurationPlatforms) = preSolution
		Debug|Any CPU = Debug|Any CPU
		Release|Any CPU = Release|Any CPU
	EndGlobalSection
	GlobalSection(ProjectConfigurationPlatforms) = postSolution
		{9225F33E-2E31-4500-9C31-F0B0E9C2171B}.Debug|Any CPU.ActiveCfg = Debug|Any CPU
		{9225F33E-2E31-4500-9C31-F0B0E9C2171B}.Debug|Any CPU.Build.0 = Debug|Any CPU
		{9225F33E-2E31-4500-9C31-F0B0E9C2171B}.Release|Any CPU.ActiveCfg = Release|Any CPU
		{9225F33E-2E31-4500-9C31-F0B0E9C2171B}.Release|Any CPU.Build.0 = Release|Any CPU
	EndGlobalSection
	GlobalSection(SolutionProperties) = preSolution
		HideSolutionNode = FALSE
	EndGlobalSection
	GlobalSection(ExtensibilityGlobals) = postSolution
		SolutionGuid = {75933CE0-91FA-4470-BD75-423FD5F0033B}
	EndGlobalSection
EndGlobal
